
Microsoft Visual Studio Solution File, Format Version 12.00
# Visual Studio 15
VisualStudioVersion = 15.0.28307.757
MinimumVisualStudioVersion = 10.0.40219.1
Project("{8BC9CEB8-8B4A-11D0-8D11-00A0C91BC942}") = "LmaDlg", "LmaDlg\LmaDlg.vcxproj", "{242DD998-71A3-4FD8-A420-0529EBB7199B}"
EndProject
Project("{8BC9CEB8-8B4A-11D0-8D11-00A0C91BC942}") = "PartLib", "PartLib\PartLib.vcxproj", "{C26EEFA0-001B-4099-97D9-15180514FF8E}"
EndProject
Project("{8BC9CEB8-8B4A-11D0-8D11-00A0C91BC942}") = "MODCore", "MODCore\MODCore.vcxproj", "{39904B41-D05B-4735-B4EF-D7D29AE61B36}"
EndProject
Project("{8BC9CEB8-8B4A-11D0-8D11-00A0C91BC942}") = "STL", "STL\STL.vcxproj", "{F8B3C826-E739-444A-A37A-FC30513A455F}"
EndProject
Project("{8BC9CEB8-8B4A-11D0-8D11-00A0C91BC942}") = "3DS", "3DS\3DS.vcxproj", "{2535BD6E-678A-4DC8-A1CC-6E23D1C310B0}"
EndProject
Global
	GlobalSection(SolutionConfigurationPlatforms) = preSolution
		Debug|x86 = Debug|x86
		Release|x86 = Release|x86
	EndGlobalSection
	GlobalSection(ProjectConfigurationPlatforms) = postSolution
		{242DD998-71A3-4FD8-A420-0529EBB7199B}.Debug|x86.ActiveCfg = Debug|Win32
		{242DD998-71A3-4FD8-A420-0529EBB7199B}.Debug|x86.Build.0 = Debug|Win32
		{242DD998-71A3-4FD8-A420-0529EBB7199B}.Release|x86.ActiveCfg = Release|Win32
		{242DD998-71A3-4FD8-A420-0529EBB7199B}.Release|x86.Build.0 = Release|Win32
		{C26EEFA0-001B-4099-97D9-15180514FF8E}.Debug|x86.ActiveCfg = Debug|Win32
		{C26EEFA0-001B-4099-97D9-15180514FF8E}.Debug|x86.Build.0 = Debug|Win32
		{C26EEFA0-001B-4099-97D9-15180514FF8E}.Release|x86.ActiveCfg = Release|Win32
		{C26EEFA0-001B-4099-97D9-15180514FF8E}.Release|x86.Build.0 = Release|Win32
		{39904B41-D05B-4735-B4EF-D7D29AE61B36}.Debug|x86.ActiveCfg = Debug|Win32
		{39904B41-D05B-4735-B4EF-D7D29AE61B36}.Debug|x86.Build.0 = Debug|Win32
		{39904B41-D05B-4735-B4EF-D7D29AE61B36}.Release|x86.ActiveCfg = Release|Win32
		{39904B41-D05B-4735-B4EF-D7D29AE61B36}.Release|x86.Build.0 = Release|Win32
		{F8B3C826-E739-444A-A37A-FC30513A455F}.Debug|x86.ActiveCfg = Debug|Win32
		{F8B3C826-E739-444A-A37A-FC30513A455F}.Debug|x86.Build.0 = Debug|Win32
		{F8B3C826-E739-444A-A37A-FC30513A455F}.Release|x86.ActiveCfg = Release|Win32
		{F8B3C826-E739-444A-A37A-FC30513A455F}.Release|x86.Build.0 = Release|Win32
		{2535BD6E-678A-4DC8-A1CC-6E23D1C310B0}.Debug|x86.ActiveCfg = Debug|Win32
		{2535BD6E-678A-4DC8-A1CC-6E23D1C310B0}.Debug|x86.Build.0 = Debug|Win32
		{2535BD6E-678A-4DC8-A1CC-6E23D1C310B0}.Release|x86.ActiveCfg = Release|Win32
		{2535BD6E-678A-4DC8-A1CC-6E23D1C310B0}.Release|x86.Build.0 = Release|Win32
	EndGlobalSection
	GlobalSection(SolutionProperties) = preSolution
		HideSolutionNode = FALSE
	EndGlobalSection
	GlobalSection(ExtensibilityGlobals) = postSolution
		SolutionGuid = {7DAE738D-4F23-4507-8CA5-9E47234B1929}
	EndGlobalSection
EndGlobal
